
Microsoft Visual Studio Solution File, Format Version 12.00
# Visual Studio Version 17
VisualStudioVersion = 17.5.33414.496
MinimumVisualStudioVersion = 10.0.40219.1
Project("{FAE04EC0-301F-11D3-BF4B-00C04F79EFBC}") = "SGLP_SQLITE", "SGLP_SQLITE.csproj", "{35CBC700-39BD-48A1-B502-EF6E6E5747F5}"
EndProject
Global
	GlobalSection(SolutionConfigurationPlatforms) = preSolution
		Debug|Any CPU = Debug|Any CPU
		Release|Any CPU = Release|Any CPU
	EndGlobalSection
	GlobalSection(ProjectConfigurationPlatforms) = postSolution
		{35CBC700-39BD-48A1-B502-EF6E6E5747F5}.Debug|Any CPU.ActiveCfg = Debug|Any CPU
		{35CBC700-39BD-48A1-B502-EF6E6E5747F5}.Debug|Any CPU.Build.0 = Debug|Any CPU
		{35CBC700-39BD-48A1-B502-EF6E6E5747F5}.Release|Any CPU.ActiveCfg = Release|Any CPU
		{35CBC700-39BD-48A1-B502-EF6E6E5747F5}.Release|Any CPU.Build.0 = Release|Any CPU
	EndGlobalSection
	GlobalSection(SolutionProperties) = preSolution
		HideSolutionNode = FALSE
	EndGlobalSection
	GlobalSection(ExtensibilityGlobals) = postSolution
		SolutionGuid = {EC3584CB-019A-460B-87B5-A5C7DA0C1B48}
	EndGlobalSection
EndGlobal
